// !$*UTF8*$!
{ archiveVersion = 1; classes = {}; objectVersion = 56; objects = {
461D91094233E6E8FE61BCFA = { isa = PBXFileReference; lastKnownFileType = sourcecode.swift; path = "Workbench/AmbientStarterGallery.swift"; sourceTree = SOURCE_ROOT; };
F331CA8263611ED3051332AC = { isa = PBXBuildFile; fileRef = 461D91094233E6E8FE61BCFA; };
9C18B72398A69DB61D0FF405 = { isa = PBXFileReference; lastKnownFileType = sourcecode.swift; path = "Workbench/ImageCanvas.swift"; sourceTree = SOURCE_ROOT; };
4B468F76332175451D791070 = { isa = PBXBuildFile; fileRef = 9C18B72398A69DB61D0FF405; };
DB3D4E2CDA85FBFE768BCFA3 = { isa = PBXFileReference; lastKnownFileType = sourcecode.swift; path = "Workbench/ImageRendering.swift"; sourceTree = SOURCE_ROOT; };
F51B0EDEC78D30C50FAB27BD = { isa = PBXBuildFile; fileRef = DB3D4E2CDA85FBFE768BCFA3; };
CAD965E017C3308283261AB1 = { isa = PBXFileReference; lastKnownFileType = sourcecode.swift; path = "Workbench/ImageWorkspace.swift"; sourceTree = SOURCE_ROOT; };
CED979F1937C40BC2FEA4CF1 = { isa = PBXBuildFile; fileRef = CAD965E017C3308283261AB1; };
CA1CC3040B993E46E86422EA = { isa = PBXFileReference; lastKnownFileType = sourcecode.swift; path = "Workbench/MobileDocument.swift"; sourceTree = SOURCE_ROOT; };
57CC465A499C4C2F05442BF1 = { isa = PBXBuildFile; fileRef = CA1CC3040B993E46E86422EA; };
7454ECF343EEB467509149B7 = { isa = PBXFileReference; lastKnownFileType = sourcecode.swift; path = "Workbench/MobilePersonaCard.swift"; sourceTree = SOURCE_ROOT; };
1AEE0A8E14EB90A2FAA5A274 = { isa = PBXBuildFile; fileRef = 7454ECF343EEB467509149B7; };
0B23886A6F588C4F37F5506B = { isa = PBXFileReference; lastKnownFileType = sourcecode.swift; path = "Workbench/MobileQuickActions.swift"; sourceTree = SOURCE_ROOT; };
BEA18EADD38F3B8C2DC6D36F = { isa = PBXBuildFile; fileRef = 0B23886A6F588C4F37F5506B; };
69DC8604F929B87D678AFDAE = { isa = PBXFileReference; lastKnownFileType = sourcecode.swift; path = "Workbench/MobileSceneEditor.swift"; sourceTree = SOURCE_ROOT; };
A2DC2CE831550DF4AD67CB06 = { isa = PBXBuildFile; fileRef = 69DC8604F929B87D678AFDAE; };
04527AAA1157A506C8A2540E = { isa = PBXFileReference; lastKnownFileType = sourcecode.swift; path = "Workbench/MobileSceneImport.swift"; sourceTree = SOURCE_ROOT; };
1C68AAABF9301ECF5BED254B = { isa = PBXBuildFile; fileRef = 04527AAA1157A506C8A2540E; };
6FC719057044CACDD6FEF4CE = { isa = PBXFileReference; lastKnownFileType = sourcecode.swift; path = "Workbench/MobileScenesView.swift"; sourceTree = SOURCE_ROOT; };
899D830D5A7D8BB19DBCDB77 = { isa = PBXBuildFile; fileRef = 6FC719057044CACDD6FEF4CE; };
5B140912BBAD8E2367CE335C = { isa = PBXFileReference; lastKnownFileType = sourcecode.swift; path = "Workbench/MobileStore.swift"; sourceTree = SOURCE_ROOT; };
2C6691DE7E00B48F39088B48 = { isa = PBXBuildFile; fileRef = 5B140912BBAD8E2367CE335C; };
ECD842EB591521361DF7B6C2 = { isa = PBXFileReference; lastKnownFileType = sourcecode.swift; path = "Workbench/PhotoHandoffView.swift"; sourceTree = SOURCE_ROOT; };
C181E92E2A83573989F42BAC = { isa = PBXBuildFile; fileRef = ECD842EB591521361DF7B6C2; };
E7B302050E23433EAFC9CD99 = { isa = PBXFileReference; lastKnownFileType = sourcecode.swift; path = "Workbench/ReadingService.swift"; sourceTree = SOURCE_ROOT; };
5CFEF6B87DC2B715E41F9516 = { isa = PBXBuildFile; fileRef = E7B302050E23433EAFC9CD99; };
1241ACC75CB2B8BEFC4CA2BC = { isa = PBXFileReference; lastKnownFileType = sourcecode.swift; path = "Workbench/SavedView.swift"; sourceTree = SOURCE_ROOT; };
0D5A97AD16024E1E4AE3A5A7 = { isa = PBXBuildFile; fileRef = 1241ACC75CB2B8BEFC4CA2BC; };
9FDB7792937ACEFED466DC24 = { isa = PBXFileReference; lastKnownFileType = sourcecode.swift; path = "Workbench/SceneMotionPreview.swift"; sourceTree = SOURCE_ROOT; };
D0129922F210F72FAA96FC7F = { isa = PBXBuildFile; fileRef = 9FDB7792937ACEFED466DC24; };
3A4F628953C8B70A43D9FED8 = { isa = PBXFileReference; lastKnownFileType = sourcecode.swift; path = "Workbench/SpeechService.swift"; sourceTree = SOURCE_ROOT; };
59D54C33B9B88F1686CBC024 = { isa = PBXBuildFile; fileRef = 3A4F628953C8B70A43D9FED8; };
696AF89BDFACA08B353F2281 = { isa = PBXFileReference; lastKnownFileType = sourcecode.swift; path = "Workbench/TextWorkspaces.swift"; sourceTree = SOURCE_ROOT; };
F2E0989271B1633DD3C0A5B8 = { isa = PBXBuildFile; fileRef = 696AF89BDFACA08B353F2281; };
BBD6EAE4335B85DB58C3BBA1 = { isa = PBXFileReference; lastKnownFileType = sourcecode.swift; path = "Workbench/WallpaperPhotoSaver.swift"; sourceTree = SOURCE_ROOT; };
8BF27B8CC82B284AEED74930 = { isa = PBXBuildFile; fileRef = BBD6EAE4335B85DB58C3BBA1; };
7A5482CBF24DAE9A556484E4 = { isa = PBXFileReference; lastKnownFileType = sourcecode.swift; path = "Workbench/WorkbenchApp.swift"; sourceTree = SOURCE_ROOT; };
B694E57C9D164ED2FDAA5AB2 = { isa = PBXBuildFile; fileRef = 7A5482CBF24DAE9A556484E4; };
884E8F01AA52808602C7A543 = { isa = PBXFileReference; lastKnownFileType = sourcecode.swift; path = "../Sources/LocalVoice/TextPrimitives.swift"; sourceTree = SOURCE_ROOT; };
67819BEB874F66905133DBC6 = { isa = PBXBuildFile; fileRef = 884E8F01AA52808602C7A543; };
A53F8B06CA852B7DB4CD646F = { isa = PBXFileReference; lastKnownFileType = sourcecode.swift; path = "../Sources/LocalVoice/DictationCleanup.swift"; sourceTree = SOURCE_ROOT; };
D34EB1CCE65E155A51DEFAB7 = { isa = PBXBuildFile; fileRef = A53F8B06CA852B7DB4CD646F; };
97A1780E8877A083121D74ED = { isa = PBXFileReference; lastKnownFileType = sourcecode.swift; path = "../Sources/LocalVoice/CorrectionRule.swift"; sourceTree = SOURCE_ROOT; };
643D1E0C2115B7CA1AC8D386 = { isa = PBXBuildFile; fileRef = 97A1780E8877A083121D74ED; };
B18CFBD7DEDD45249BD1FC85 = { isa = PBXFileReference; lastKnownFileType = sourcecode.swift; path = "../Sources/PhotoHandoffKit/CloudPhotoTransport.swift"; sourceTree = SOURCE_ROOT; };
9C1883060BC1F1695F6605F1 = { isa = PBXBuildFile; fileRef = B18CFBD7DEDD45249BD1FC85; };
EB4D85009B942F57545F8103 = { isa = PBXFileReference; lastKnownFileType = sourcecode.swift; path = "../Sources/PhotoHandoffKit/PhotoHandoffModel.swift"; sourceTree = SOURCE_ROOT; };
BFD67DE9657D9A19044E9969 = { isa = PBXBuildFile; fileRef = EB4D85009B942F57545F8103; };
D112552032E1DF139C86CE9A = { isa = PBXFileReference; lastKnownFileType = sourcecode.swift; path = "../Sources/PhotoHandoffKit/PhotoHandoffStore.swift"; sourceTree = SOURCE_ROOT; };
BECBF40A401A7B9CAA42372D = { isa = PBXBuildFile; fileRef = D112552032E1DF139C86CE9A; };
7067E5E99ABD1307A2F23584 = { isa = PBXFileReference; lastKnownFileType = sourcecode.swift; path = "../Sources/PhotoHandoffKit/PhotoHandoffTypes.swift"; sourceTree = SOURCE_ROOT; };
F98E5E23C8867DA6B22D6E35 = { isa = PBXBuildFile; fileRef = 7067E5E99ABD1307A2F23584; };
A1A8D3B158A3BD486FA6A1F7 = { isa = PBXFileReference; lastKnownFileType = sourcecode.swift; path = "../Sources/SceneSyncKit/AmbientPhotoLayer.swift"; sourceTree = SOURCE_ROOT; };
78E079D25CB6402B235A9714 = { isa = PBXBuildFile; fileRef = A1A8D3B158A3BD486FA6A1F7; };
CE26E152BBBE526F5F6ACEC1 = { isa = PBXFileReference; lastKnownFileType = sourcecode.swift; path = "../Sources/SceneSyncKit/CloudSceneSync.swift"; sourceTree = SOURCE_ROOT; };
8B779E7079AC0AC9BC1D9717 = { isa = PBXBuildFile; fileRef = CE26E152BBBE526F5F6ACEC1; };
AFE1E41576A21CE6034D9384 = { isa = PBXFileReference; lastKnownFileType = sourcecode.swift; path = "../Sources/SceneSyncKit/GentlePhotoMotion.swift"; sourceTree = SOURCE_ROOT; };
A7BA8358CB9E723575CE84E7 = { isa = PBXBuildFile; fileRef = AFE1E41576A21CE6034D9384; };
CE62E578D9FFEE623A82CBD2 = { isa = PBXFileReference; lastKnownFileType = sourcecode.swift; path = "../Sources/SceneSyncKit/SceneAmbience.swift"; sourceTree = SOURCE_ROOT; };
8E823F566B5081E29C17E386 = { isa = PBXBuildFile; fileRef = CE62E578D9FFEE623A82CBD2; };
95BEFC8F91192E0B0C0B4C43 = { isa = PBXFileReference; lastKnownFileType = sourcecode.swift; path = "../Sources/SceneSyncKit/SceneDocument.swift"; sourceTree = SOURCE_ROOT; };
B69226500BBA6E99E2E82F03 = { isa = PBXBuildFile; fileRef = 95BEFC8F91192E0B0C0B4C43; };
792DCF326391E82D45883536 = { isa = PBXFileReference; lastKnownFileType = sourcecode.swift; path = "../Sources/SceneSyncKit/SceneFile.swift"; sourceTree = SOURCE_ROOT; };
6EF938CBC82E516C1BF2A2A5 = { isa = PBXBuildFile; fileRef = 792DCF326391E82D45883536; };
342930332D5F53F5107C8CF4 = { isa = PBXFileReference; lastKnownFileType = sourcecode.swift; path = "../Sources/SceneSyncKit/SceneLibraryModel.swift"; sourceTree = SOURCE_ROOT; };
0028EBE40CB29D044D01E13A = { isa = PBXBuildFile; fileRef = 342930332D5F53F5107C8CF4; };
A3F9AC6E04339870A04840BB = { isa = PBXFileReference; lastKnownFileType = sourcecode.swift; path = "../Sources/SceneSyncKit/SceneLibraryStore.swift"; sourceTree = SOURCE_ROOT; };
0007B3A42A1A30EB8B285D49 = { isa = PBXBuildFile; fileRef = A3F9AC6E04339870A04840BB; };
FC48E9C5507D7035F938A548 = { isa = PBXFileReference; lastKnownFileType = text.plist.xml; path = "Workbench/Info.plist"; sourceTree = SOURCE_ROOT; };
CA20B2A23E018C45A11C46E1 = { isa = PBXFileReference; lastKnownFileType = text.plist.xml; path = "Workbench/PrivacyInfo.xcprivacy"; sourceTree = SOURCE_ROOT; };
A0FF081FDFF73E89419B2644 = { isa = PBXBuildFile; fileRef = CA20B2A23E018C45A11C46E1; };
654788ED856E8522E35095B5 = { isa = PBXFileReference; lastKnownFileType = folder.assetcatalog; path = "Workbench/Assets.xcassets"; sourceTree = SOURCE_ROOT; };
1B494835CC457E0E28906E2F = { isa = PBXBuildFile; fileRef = 654788ED856E8522E35095B5; };
5B6ABA6777D3F6DE9B42C56D = { isa = PBXFileReference; lastKnownFileType = folder; path = "../Resources/PersonaPortraits"; sourceTree = SOURCE_ROOT; };
A212A0FDD93EDF71EAF50EC9 = { isa = PBXBuildFile; fileRef = 5B6ABA6777D3F6DE9B42C56D; };
ACDDC9C57B86CF9D7BA60B79 = { isa = PBXFileReference; lastKnownFileType = folder; path = "../Resources/AmbientScenes"; sourceTree = SOURCE_ROOT; };
C248FBC7CE93A8CA493D0E40 = { isa = PBXBuildFile; fileRef = ACDDC9C57B86CF9D7BA60B79; };
EFBC0764C22FBE74F0B92EA9 = { isa = PBXGroup; children = (461D91094233E6E8FE61BCFA, 9C18B72398A69DB61D0FF405, DB3D4E2CDA85FBFE768BCFA3, CAD965E017C3308283261AB1, CA1CC3040B993E46E86422EA, 7454ECF343EEB467509149B7, 0B23886A6F588C4F37F5506B, 69DC8604F929B87D678AFDAE, 04527AAA1157A506C8A2540E, 6FC719057044CACDD6FEF4CE, 5B140912BBAD8E2367CE335C, ECD842EB591521361DF7B6C2, E7B302050E23433EAFC9CD99, 1241ACC75CB2B8BEFC4CA2BC, 9FDB7792937ACEFED466DC24, 3A4F628953C8B70A43D9FED8, 696AF89BDFACA08B353F2281, BBD6EAE4335B85DB58C3BBA1, 7A5482CBF24DAE9A556484E4, 884E8F01AA52808602C7A543, A53F8B06CA852B7DB4CD646F, 97A1780E8877A083121D74ED, B18CFBD7DEDD45249BD1FC85, EB4D85009B942F57545F8103, D112552032E1DF139C86CE9A, 7067E5E99ABD1307A2F23584, A1A8D3B158A3BD486FA6A1F7, CE26E152BBBE526F5F6ACEC1, AFE1E41576A21CE6034D9384, CE62E578D9FFEE623A82CBD2, 95BEFC8F91192E0B0C0B4C43, 792DCF326391E82D45883536, 342930332D5F53F5107C8CF4, A3F9AC6E04339870A04840BB, FC48E9C5507D7035F938A548, CA20B2A23E018C45A11C46E1, 654788ED856E8522E35095B5, 5B6ABA6777D3F6DE9B42C56D, ACDDC9C57B86CF9D7BA60B79); name = WorkbenchMobile; sourceTree = "<group>"; };
F537AE6BDD0D9649C31DD3C8 = { isa = PBXSourcesBuildPhase; buildActionMask = 2147483647; files = (F331CA8263611ED3051332AC, 4B468F76332175451D791070, F51B0EDEC78D30C50FAB27BD, CED979F1937C40BC2FEA4CF1, 57CC465A499C4C2F05442BF1, 1AEE0A8E14EB90A2FAA5A274, BEA18EADD38F3B8C2DC6D36F, A2DC2CE831550DF4AD67CB06, 1C68AAABF9301ECF5BED254B, 899D830D5A7D8BB19DBCDB77, 2C6691DE7E00B48F39088B48, C181E92E2A83573989F42BAC, 5CFEF6B87DC2B715E41F9516, 0D5A97AD16024E1E4AE3A5A7, D0129922F210F72FAA96FC7F, 59D54C33B9B88F1686CBC024, F2E0989271B1633DD3C0A5B8, 8BF27B8CC82B284AEED74930, B694E57C9D164ED2FDAA5AB2, 67819BEB874F66905133DBC6, D34EB1CCE65E155A51DEFAB7, 643D1E0C2115B7CA1AC8D386, 9C1883060BC1F1695F6605F1, BFD67DE9657D9A19044E9969, BECBF40A401A7B9CAA42372D, F98E5E23C8867DA6B22D6E35, 78E079D25CB6402B235A9714, 8B779E7079AC0AC9BC1D9717, A7BA8358CB9E723575CE84E7, 8E823F566B5081E29C17E386, B69226500BBA6E99E2E82F03, 6EF938CBC82E516C1BF2A2A5, 0028EBE40CB29D044D01E13A, 0007B3A42A1A30EB8B285D49); runOnlyForDeploymentPostprocessing = 0; };
61C3481403163C7AADA6308B = { isa = PBXResourcesBuildPhase; buildActionMask = 2147483647; files = (A0FF081FDFF73E89419B2644, 1B494835CC457E0E28906E2F, A212A0FDD93EDF71EAF50EC9, C248FBC7CE93A8CA493D0E40); runOnlyForDeploymentPostprocessing = 0; };
AB24EF5CFB14464A4885296C = { isa = PBXFrameworksBuildPhase; buildActionMask = 2147483647; files = (); runOnlyForDeploymentPostprocessing = 0; };
C1462E5D443AE50A683247FD = { isa = PBXFileReference; explicitFileType = "wrapper.application"; includeInIndex = 0; path = "WorkbenchMobile.app"; sourceTree = BUILT_PRODUCTS_DIR; };
1322A79D03178038AB6A0F0B = { isa = XCBuildConfiguration; buildSettings = { SWIFT_VERSION = "5.0"; IPHONEOS_DEPLOYMENT_TARGET = "26.0"; CLANG_ENABLE_MODULES = "YES"; SDKROOT = "iphoneos"; TARGETED_DEVICE_FAMILY = "1,2"; CODE_SIGN_STYLE = "Automatic"; DEVELOPMENT_TEAM = "GHVAAH9P5Z"; ENABLE_USER_SCRIPT_SANDBOXING = "YES"; SWIFT_STRICT_CONCURRENCY = "targeted"; PRODUCT_NAME = "$(TARGET_NAME)"; PRODUCT_BUNDLE_IDENTIFIER = "com.ethdawg.workbench.mobile.preview"; INFOPLIST_FILE = "Workbench/Info.plist"; GENERATE_INFOPLIST_FILE = "NO"; ASSETCATALOG_COMPILER_APPICON_NAME = "AppIcon"; ASSETCATALOG_COMPILER_GLOBAL_ACCENT_COLOR_NAME = "AccentColor"; SUPPORTS_MACCATALYST = "NO"; SUPPORTS_MAC_DESIGNED_FOR_IPHONE_IPAD = "NO"; WORKBENCH_PHOTO_CLOUD_PROVISIONED = "NO"; WORKBENCH_PHOTO_CLOUD_CONTAINER = "iCloud.com.ethdawg.workbench.preview"; WORKBENCH_PHOTO_CLOUD_ENVIRONMENT = "Development"; SWIFT_OPTIMIZATION_LEVEL = "-Onone"; DEBUG_INFORMATION_FORMAT = "dwarf"; SWIFT_ACTIVE_COMPILATION_CONDITIONS = "DEBUG"; ENABLE_TESTABILITY = "YES"; ONLY_ACTIVE_ARCH = "YES"; }; name = Debug; };
86C6654391112943FA3FC7F4 = { isa = XCBuildConfiguration; buildSettings = { SWIFT_VERSION = "5.0"; IPHONEOS_DEPLOYMENT_TARGET = "26.0"; CLANG_ENABLE_MODULES = "YES"; SDKROOT = "iphoneos"; TARGETED_DEVICE_FAMILY = "1,2"; CODE_SIGN_STYLE = "Automatic"; DEVELOPMENT_TEAM = "GHVAAH9P5Z"; ENABLE_USER_SCRIPT_SANDBOXING = "YES"; SWIFT_STRICT_CONCURRENCY = "targeted"; PRODUCT_NAME = "$(TARGET_NAME)"; PRODUCT_BUNDLE_IDENTIFIER = "com.ethdawg.workbench.mobile.preview"; INFOPLIST_FILE = "Workbench/Info.plist"; GENERATE_INFOPLIST_FILE = "NO"; ASSETCATALOG_COMPILER_APPICON_NAME = "AppIcon"; ASSETCATALOG_COMPILER_GLOBAL_ACCENT_COLOR_NAME = "AccentColor"; SUPPORTS_MACCATALYST = "NO"; SUPPORTS_MAC_DESIGNED_FOR_IPHONE_IPAD = "NO"; WORKBENCH_PHOTO_CLOUD_PROVISIONED = "NO"; WORKBENCH_PHOTO_CLOUD_CONTAINER = "iCloud.com.ethdawg.workbench.preview"; WORKBENCH_PHOTO_CLOUD_ENVIRONMENT = "Development"; SWIFT_OPTIMIZATION_LEVEL = "-O"; DEBUG_INFORMATION_FORMAT = "dwarf-with-dsym"; }; name = Release; };
05DE006BDE11A928BF48F9EE = { isa = XCConfigurationList; buildConfigurations = (1322A79D03178038AB6A0F0B, 86C6654391112943FA3FC7F4); defaultConfigurationIsVisible = 0; defaultConfigurationName = Release; };
18FEAB172A0650F7508D1198 = { isa = PBXNativeTarget; buildConfigurationList = 05DE006BDE11A928BF48F9EE; buildPhases = (F537AE6BDD0D9649C31DD3C8, AB24EF5CFB14464A4885296C, 61C3481403163C7AADA6308B); buildRules = (); dependencies = (); name = WorkbenchMobile; productName = WorkbenchMobile; productReference = C1462E5D443AE50A683247FD; productType = "com.apple.product-type.application"; };
41AEEC29392D600C066D9AE7 = { isa = PBXFileReference; lastKnownFileType = sourcecode.swift; path = "WorkbenchTests/AmbientStarterTests.swift"; sourceTree = SOURCE_ROOT; };
7C35CE97300C92526B814937 = { isa = PBXBuildFile; fileRef = 41AEEC29392D600C066D9AE7; };
98D7157E019988084EAA2C60 = { isa = PBXFileReference; lastKnownFileType = sourcecode.swift; path = "WorkbenchTests/MobileDocumentTests.swift"; sourceTree = SOURCE_ROOT; };
7C72C4C93DEA6F826DC038D1 = { isa = PBXBuildFile; fileRef = 98D7157E019988084EAA2C60; };
31C4D0FCAE51E9CB324FB6B2 = { isa = PBXFileReference; lastKnownFileType = sourcecode.swift; path = "WorkbenchTests/MobilePersonaCardTests.swift"; sourceTree = SOURCE_ROOT; };
5837DD890C836C4445DD29E9 = { isa = PBXBuildFile; fileRef = 31C4D0FCAE51E9CB324FB6B2; };
C8A435144FE7FED6A045C71D = { isa = PBXFileReference; lastKnownFileType = sourcecode.swift; path = "WorkbenchTests/MobileQuickActionTests.swift"; sourceTree = SOURCE_ROOT; };
0BBA0B6870579E2EBFB7F966 = { isa = PBXBuildFile; fileRef = C8A435144FE7FED6A045C71D; };
D303F84000AEFB902A62CB32 = { isa = PBXFileReference; lastKnownFileType = sourcecode.swift; path = "WorkbenchTests/MobileSceneEditingTests.swift"; sourceTree = SOURCE_ROOT; };
4526352C5DEC691D50E56859 = { isa = PBXBuildFile; fileRef = D303F84000AEFB902A62CB32; };
0BC1D83E42CBE5B6FFC021AC = { isa = PBXFileReference; lastKnownFileType = sourcecode.swift; path = "WorkbenchTests/MobileSceneImportTests.swift"; sourceTree = SOURCE_ROOT; };
99115345DE1FB04003EE6436 = { isa = PBXBuildFile; fileRef = 0BC1D83E42CBE5B6FFC021AC; };
7A9D35806835EA57EBA27D3F = { isa = PBXFileReference; lastKnownFileType = sourcecode.swift; path = "WorkbenchTests/SceneMotionPreviewTests.swift"; sourceTree = SOURCE_ROOT; };
FE02D08C738C7A80BE6187D5 = { isa = PBXBuildFile; fileRef = 7A9D35806835EA57EBA27D3F; };
82592A607DE11E41CE12C6BE = { isa = PBXFileReference; lastKnownFileType = sourcecode.swift; path = "WorkbenchTests/WallpaperPhotoSaverTests.swift"; sourceTree = SOURCE_ROOT; };
4DA693E227277FDB012904E1 = { isa = PBXBuildFile; fileRef = 82592A607DE11E41CE12C6BE; };
71421057DD1DFEA1CA1E1DD7 = { isa = PBXGroup; children = (41AEEC29392D600C066D9AE7, 98D7157E019988084EAA2C60, 31C4D0FCAE51E9CB324FB6B2, C8A435144FE7FED6A045C71D, D303F84000AEFB902A62CB32, 0BC1D83E42CBE5B6FFC021AC, 7A9D35806835EA57EBA27D3F, 82592A607DE11E41CE12C6BE); name = WorkbenchTests; sourceTree = "<group>"; };
9940621D3771BBAD2F3555AC = { isa = PBXSourcesBuildPhase; buildActionMask = 2147483647; files = (7C35CE97300C92526B814937, 7C72C4C93DEA6F826DC038D1, 5837DD890C836C4445DD29E9, 0BBA0B6870579E2EBFB7F966, 4526352C5DEC691D50E56859, 99115345DE1FB04003EE6436, FE02D08C738C7A80BE6187D5, 4DA693E227277FDB012904E1); runOnlyForDeploymentPostprocessing = 0; };
00BEC15E8C664E30D8106CD0 = { isa = PBXResourcesBuildPhase; buildActionMask = 2147483647; files = (); runOnlyForDeploymentPostprocessing = 0; };
7958DC6F1ACE8541496DEDC6 = { isa = PBXFrameworksBuildPhase; buildActionMask = 2147483647; files = (); runOnlyForDeploymentPostprocessing = 0; };
0443D8A57F4F8E1CAD6E36F2 = { isa = PBXFileReference; explicitFileType = "wrapper.cfbundle"; includeInIndex = 0; path = "WorkbenchTests.xctest"; sourceTree = BUILT_PRODUCTS_DIR; };
A291F9B5AB2E57AB317514AC = { isa = PBXContainerItemProxy; containerPortal = 98F54143AB4E86B28C3AFEE0; proxyType = 1; remoteGlobalIDString = 18FEAB172A0650F7508D1198; remoteInfo = WorkbenchMobile; };
F6F5423703242B111710417C = { isa = PBXTargetDependency; target = 18FEAB172A0650F7508D1198; targetProxy = A291F9B5AB2E57AB317514AC; };
A8102F3574CCC37247444133 = { isa = XCBuildConfiguration; buildSettings = { SWIFT_VERSION = "5.0"; IPHONEOS_DEPLOYMENT_TARGET = "26.0"; CLANG_ENABLE_MODULES = "YES"; SDKROOT = "iphoneos"; TARGETED_DEVICE_FAMILY = "1,2"; CODE_SIGN_STYLE = "Automatic"; DEVELOPMENT_TEAM = "GHVAAH9P5Z"; ENABLE_USER_SCRIPT_SANDBOXING = "YES"; SWIFT_STRICT_CONCURRENCY = "targeted"; PRODUCT_NAME = "$(TARGET_NAME)"; PRODUCT_BUNDLE_IDENTIFIER = "com.ethdawg.workbench.mobile.preview.workbenchtests"; GENERATE_INFOPLIST_FILE = "YES"; TEST_HOST = "$(BUILT_PRODUCTS_DIR)/WorkbenchMobile.app/$(BUNDLE_EXECUTABLE_FOLDER_PATH)/WorkbenchMobile"; BUNDLE_LOADER = "$(TEST_HOST)"; SWIFT_OPTIMIZATION_LEVEL = "-Onone"; DEBUG_INFORMATION_FORMAT = "dwarf"; SWIFT_ACTIVE_COMPILATION_CONDITIONS = "DEBUG"; ENABLE_TESTABILITY = "YES"; ONLY_ACTIVE_ARCH = "YES"; }; name = Debug; };
A18A262434A77B2A40A86B75 = { isa = XCBuildConfiguration; buildSettings = { SWIFT_VERSION = "5.0"; IPHONEOS_DEPLOYMENT_TARGET = "26.0"; CLANG_ENABLE_MODULES = "YES"; SDKROOT = "iphoneos"; TARGETED_DEVICE_FAMILY = "1,2"; CODE_SIGN_STYLE = "Automatic"; DEVELOPMENT_TEAM = "GHVAAH9P5Z"; ENABLE_USER_SCRIPT_SANDBOXING = "YES"; SWIFT_STRICT_CONCURRENCY = "targeted"; PRODUCT_NAME = "$(TARGET_NAME)"; PRODUCT_BUNDLE_IDENTIFIER = "com.ethdawg.workbench.mobile.preview.workbenchtests"; GENERATE_INFOPLIST_FILE = "YES"; TEST_HOST = "$(BUILT_PRODUCTS_DIR)/WorkbenchMobile.app/$(BUNDLE_EXECUTABLE_FOLDER_PATH)/WorkbenchMobile"; BUNDLE_LOADER = "$(TEST_HOST)"; SWIFT_OPTIMIZATION_LEVEL = "-O"; DEBUG_INFORMATION_FORMAT = "dwarf-with-dsym"; }; name = Release; };
8100B0396253C33FB004D285 = { isa = XCConfigurationList; buildConfigurations = (A8102F3574CCC37247444133, A18A262434A77B2A40A86B75); defaultConfigurationIsVisible = 0; defaultConfigurationName = Release; };
5346BE2CC6F29C1A8AAA00D7 = { isa = PBXNativeTarget; buildConfigurationList = 8100B0396253C33FB004D285; buildPhases = (9940621D3771BBAD2F3555AC, 7958DC6F1ACE8541496DEDC6, 00BEC15E8C664E30D8106CD0); buildRules = (); dependencies = (F6F5423703242B111710417C); name = WorkbenchTests; productName = WorkbenchTests; productReference = 0443D8A57F4F8E1CAD6E36F2; productType = "com.apple.product-type.bundle.unit-test"; };
1296E22A979A7CF3E9AE41A5 = { isa = PBXFileReference; lastKnownFileType = sourcecode.swift; path = "WorkbenchUITests/PhotoHandoffUITests.swift"; sourceTree = SOURCE_ROOT; };
3AF142D84840EC3B8865ED68 = { isa = PBXBuildFile; fileRef = 1296E22A979A7CF3E9AE41A5; };
6CF69DDC8B95F893380C25C8 = { isa = PBXFileReference; lastKnownFileType = sourcecode.swift; path = "WorkbenchUITests/WorkbenchUITests.swift"; sourceTree = SOURCE_ROOT; };
A41CD78504F28649676FD36D = { isa = PBXBuildFile; fileRef = 6CF69DDC8B95F893380C25C8; };
81A2C1B5046A594DB3C66D36 = { isa = PBXGroup; children = (1296E22A979A7CF3E9AE41A5, 6CF69DDC8B95F893380C25C8); name = WorkbenchUITests; sourceTree = "<group>"; };
9F47779310FDB8D86460F00D = { isa = PBXSourcesBuildPhase; buildActionMask = 2147483647; files = (3AF142D84840EC3B8865ED68, A41CD78504F28649676FD36D); runOnlyForDeploymentPostprocessing = 0; };
E46BF61F52E8D55E466904A7 = { isa = PBXResourcesBuildPhase; buildActionMask = 2147483647; files = (); runOnlyForDeploymentPostprocessing = 0; };
4FC97DF846EF8F942DDD82AC = { isa = PBXFrameworksBuildPhase; buildActionMask = 2147483647; files = (); runOnlyForDeploymentPostprocessing = 0; };
5FE1922C04FDFC9E3341088F = { isa = PBXFileReference; explicitFileType = "wrapper.cfbundle"; includeInIndex = 0; path = "WorkbenchUITests.xctest"; sourceTree = BUILT_PRODUCTS_DIR; };
B58DFA4A0EC4A32F0F883617 = { isa = PBXContainerItemProxy; containerPortal = 98F54143AB4E86B28C3AFEE0; proxyType = 1; remoteGlobalIDString = 18FEAB172A0650F7508D1198; remoteInfo = WorkbenchMobile; };
C7622EC79B014989EC728918 = { isa = PBXTargetDependency; target = 18FEAB172A0650F7508D1198; targetProxy = B58DFA4A0EC4A32F0F883617; };
D646EAA233D29020733D6E52 = { isa = XCBuildConfiguration; buildSettings = { SWIFT_VERSION = "5.0"; IPHONEOS_DEPLOYMENT_TARGET = "26.0"; CLANG_ENABLE_MODULES = "YES"; SDKROOT = "iphoneos"; TARGETED_DEVICE_FAMILY = "1,2"; CODE_SIGN_STYLE = "Automatic"; DEVELOPMENT_TEAM = "GHVAAH9P5Z"; ENABLE_USER_SCRIPT_SANDBOXING = "YES"; SWIFT_STRICT_CONCURRENCY = "targeted"; PRODUCT_NAME = "$(TARGET_NAME)"; PRODUCT_BUNDLE_IDENTIFIER = "com.ethdawg.workbench.mobile.preview.workbenchuitests"; GENERATE_INFOPLIST_FILE = "YES"; TEST_TARGET_NAME = "WorkbenchMobile"; SWIFT_OPTIMIZATION_LEVEL = "-Onone"; DEBUG_INFORMATION_FORMAT = "dwarf"; SWIFT_ACTIVE_COMPILATION_CONDITIONS = "DEBUG"; ENABLE_TESTABILITY = "YES"; ONLY_ACTIVE_ARCH = "YES"; }; name = Debug; };
CB4B2ED724E60634C1729669 = { isa = XCBuildConfiguration; buildSettings = { SWIFT_VERSION = "5.0"; IPHONEOS_DEPLOYMENT_TARGET = "26.0"; CLANG_ENABLE_MODULES = "YES"; SDKROOT = "iphoneos"; TARGETED_DEVICE_FAMILY = "1,2"; CODE_SIGN_STYLE = "Automatic"; DEVELOPMENT_TEAM = "GHVAAH9P5Z"; ENABLE_USER_SCRIPT_SANDBOXING = "YES"; SWIFT_STRICT_CONCURRENCY = "targeted"; PRODUCT_NAME = "$(TARGET_NAME)"; PRODUCT_BUNDLE_IDENTIFIER = "com.ethdawg.workbench.mobile.preview.workbenchuitests"; GENERATE_INFOPLIST_FILE = "YES"; TEST_TARGET_NAME = "WorkbenchMobile"; SWIFT_OPTIMIZATION_LEVEL = "-O"; DEBUG_INFORMATION_FORMAT = "dwarf-with-dsym"; }; name = Release; };
E9FD95A93B4D30A551B17828 = { isa = XCConfigurationList; buildConfigurations = (D646EAA233D29020733D6E52, CB4B2ED724E60634C1729669); defaultConfigurationIsVisible = 0; defaultConfigurationName = Release; };
4B7EC3B2C64266CA43752225 = { isa = PBXNativeTarget; buildConfigurationList = E9FD95A93B4D30A551B17828; buildPhases = (9F47779310FDB8D86460F00D, 4FC97DF846EF8F942DDD82AC, E46BF61F52E8D55E466904A7); buildRules = (); dependencies = (C7622EC79B014989EC728918); name = WorkbenchUITests; productName = WorkbenchUITests; productReference = 5FE1922C04FDFC9E3341088F; productType = "com.apple.product-type.bundle.ui-testing"; };
FBDC4F23F93125BBEEAE800C = { isa = PBXGroup; children = (C1462E5D443AE50A683247FD, 0443D8A57F4F8E1CAD6E36F2, 5FE1922C04FDFC9E3341088F); name = Products; sourceTree = "<group>"; };
DC76E9F0C0006E8F919E0C51 = { isa = PBXGroup; children = (EFBC0764C22FBE74F0B92EA9, 71421057DD1DFEA1CA1E1DD7, 81A2C1B5046A594DB3C66D36, FBDC4F23F93125BBEEAE800C); sourceTree = "<group>"; };
BFD315016DE16320F7E2120C = { isa = XCBuildConfiguration; buildSettings = { SWIFT_VERSION = "5.0"; IPHONEOS_DEPLOYMENT_TARGET = "26.0"; CLANG_ENABLE_MODULES = "YES"; SDKROOT = "iphoneos"; TARGETED_DEVICE_FAMILY = "1,2"; CODE_SIGN_STYLE = "Automatic"; DEVELOPMENT_TEAM = "GHVAAH9P5Z"; ENABLE_USER_SCRIPT_SANDBOXING = "YES"; SWIFT_STRICT_CONCURRENCY = "targeted"; SWIFT_OPTIMIZATION_LEVEL = "-Onone"; DEBUG_INFORMATION_FORMAT = "dwarf"; SWIFT_ACTIVE_COMPILATION_CONDITIONS = "DEBUG"; ENABLE_TESTABILITY = "YES"; ONLY_ACTIVE_ARCH = "YES"; }; name = Debug; };
1D8C0C6B1D22EA8C7669B263 = { isa = XCBuildConfiguration; buildSettings = { SWIFT_VERSION = "5.0"; IPHONEOS_DEPLOYMENT_TARGET = "26.0"; CLANG_ENABLE_MODULES = "YES"; SDKROOT = "iphoneos"; TARGETED_DEVICE_FAMILY = "1,2"; CODE_SIGN_STYLE = "Automatic"; DEVELOPMENT_TEAM = "GHVAAH9P5Z"; ENABLE_USER_SCRIPT_SANDBOXING = "YES"; SWIFT_STRICT_CONCURRENCY = "targeted"; SWIFT_OPTIMIZATION_LEVEL = "-O"; DEBUG_INFORMATION_FORMAT = "dwarf-with-dsym"; }; name = Release; };
128D1971520EF7E0088A5374 = { isa = XCConfigurationList; buildConfigurations = (BFD315016DE16320F7E2120C, 1D8C0C6B1D22EA8C7669B263); defaultConfigurationIsVisible = 0; defaultConfigurationName = Release; };
98F54143AB4E86B28C3AFEE0 = { isa = PBXProject; attributes = { LastUpgradeCheck = 2600; }; buildConfigurationList = 128D1971520EF7E0088A5374; compatibilityVersion = "Xcode 14.0"; developmentRegion = en; hasScannedForEncodings = 0; knownRegions = (en, Base); mainGroup = DC76E9F0C0006E8F919E0C51; productRefGroup = FBDC4F23F93125BBEEAE800C; projectDirPath = ""; projectRoot = ""; targets = (18FEAB172A0650F7508D1198, 5346BE2CC6F29C1A8AAA00D7, 4B7EC3B2C64266CA43752225); };
}; rootObject = 98F54143AB4E86B28C3AFEE0; }
